// !$*UTF8*$!
{
	archiveVersion = 1;
	classes = {
	};
	objectVersion = 51;
	objects = {

/* Begin PBXBuildFile section */
		36907688856072EE0C6E8887 /* Pods_MaskMap.framework in Frameworks */ = {isa = PBXBuildFile; fileRef = F3C089368295C8E6A3E10183 /* Pods_MaskMap.framework */; };
		6E515F971B51591DECDD6074 /* Pods_MaskMapTests.framework in Frameworks */ = {isa = PBXBuildFile; fileRef = D8DE5861EA6E1595188E2B0C /* Pods_MaskMapTests.framework */; };
		CE3396BF241868F20015965B /* AppDelegate.swift in Sources */ = {isa = PBXBuildFile; fileRef = CE3396BE241868F20015965B /* AppDelegate.swift */; };
		CE3396C1241868F20015965B /* SceneDelegate.swift in Sources */ = {isa = PBXBuildFile; fileRef = CE3396C0241868F20015965B /* SceneDelegate.swift */; };
		CE3396C3241868F20015965B /* ViewController.swift in Sources */ = {isa = PBXBuildFile; fileRef = CE3396C2241868F20015965B /* ViewController.swift */; };
		CE3396C6241868F20015965B /* Main.storyboard in Resources */ = {isa = PBXBuildFile; fileRef = CE3396C4241868F20015965B /* Main.storyboard */; };
		CE3396C8241868F40015965B /* Assets.xcassets in Resources */ = {isa = PBXBuildFile; fileRef = CE3396C7241868F40015965B /* Assets.xcassets */; };
		CE3396CB241868F40015965B /* LaunchScreen.storyboard in Resources */ = {isa = PBXBuildFile; fileRef = CE3396C9241868F40015965B /* LaunchScreen.storyboard */; };
		CE3396D6241868F40015965B /* MaskMapTests.swift in Sources */ = {isa = PBXBuildFile; fileRef = CE3396D5241868F40015965B /* MaskMapTests.swift */; };
		CE3396E22418699C0015965B /* MapInteractor.swift in Sources */ = {isa = PBXBuildFile; fileRef = CE3396E12418699C0015965B /* MapInteractor.swift */; };
		CE3396E4241869A40015965B /* MapPresenter.swift in Sources */ = {isa = PBXBuildFile; fileRef = CE3396E3241869A40015965B /* MapPresenter.swift */; };
		CE3396E924186BA00015965B /* Entity.swift in Sources */ = {isa = PBXBuildFile; fileRef = CE3396E824186BA00015965B /* Entity.swift */; };
		CE3396EB24186BAF0015965B /* MapEntity.swift in Sources */ = {isa = PBXBuildFile; fileRef = CE3396EA24186BAF0015965B /* MapEntity.swift */; };
		CE3396ED241871610015965B /* APIClient.swift in Sources */ = {isa = PBXBuildFile; fileRef = CE3396EC241871610015965B /* APIClient.swift */; };
		CE3396EF241880130015965B /* SearchViewController.swift in Sources */ = {isa = PBXBuildFile; fileRef = CE3396EE241880130015965B /* SearchViewController.swift */; };
		CE33EF40241880B0006724BB /* SearchInteractor.swift in Sources */ = {isa = PBXBuildFile; fileRef = CE33EF3F241880B0006724BB /* SearchInteractor.swift */; };
		CE33EF41241880B0006724BB /* StoreEntity.swift in Sources */ = {isa = PBXBuildFile; fileRef = CE33EF3E241880AF006724BB /* StoreEntity.swift */; };
		CE33EF42241880B0006724BB /* StorePresenter.swift in Sources */ = {isa = PBXBuildFile; fileRef = CE33EF3D241880AF006724BB /* StorePresenter.swift */; };
		CE33EF4524188374006724BB /* SearchTableViewCell.swift in Sources */ = {isa = PBXBuildFile; fileRef = CE33EF4424188374006724BB /* SearchTableViewCell.swift */; };
		CE33EF49241883C2006724BB /* CellRegister.swift in Sources */ = {isa = PBXBuildFile; fileRef = CE33EF48241883C2006724BB /* CellRegister.swift */; };
		CE33EF4B2418892B006724BB /* Handler.swift in Sources */ = {isa = PBXBuildFile; fileRef = CE33EF4A2418892B006724BB /* Handler.swift */; };
		CE33EF4D24188D11006724BB /* DelayScheduler.swift in Sources */ = {isa = PBXBuildFile; fileRef = CE33EF4C24188D11006724BB /* DelayScheduler.swift */; };
		CE33EF5024188E7F006724BB /* DateFormatTransform.swift in Sources */ = {isa = PBXBuildFile; fileRef = CE33EF4F24188E7F006724BB /* DateFormatTransform.swift */; };
		CE33EF522418912D006724BB /* UIImage+Extension.swift in Sources */ = {isa = PBXBuildFile; fileRef = CE33EF512418912D006724BB /* UIImage+Extension.swift */; };
		CE33EF5424189421006724BB /* SearchPanelLayout.swift in Sources */ = {isa = PBXBuildFile; fileRef = CE33EF5324189421006724BB /* SearchPanelLayout.swift */; };
/* End PBXBuildFile section */

/* Begin PBXContainerItemProxy section */
		CE3396D2241868F40015965B /* PBXContainerItemProxy */ = {
			isa = PBXContainerItemProxy;
			containerPortal = CE3396B3241868F20015965B /* Project object */;
			proxyType = 1;
			remoteGlobalIDString = CE3396BA241868F20015965B;
			remoteInfo = MaskMap;
		};
/* End PBXContainerItemProxy section */

/* Begin PBXFileReference section */
		1362DAE344F68658574C9669 /* Pods-MaskMap.debug.xcconfig */ = {isa = PBXFileReference; includeInIndex = 1; lastKnownFileType = text.xcconfig; name = "Pods-MaskMap.debug.xcconfig"; path = "Target Support Files/Pods-MaskMap/Pods-MaskMap.debug.xcconfig"; sourceTree = "<group>"; };
		4B52495CC0A76ACAF43CD276 /* Pods-MaskMapTests.debug.xcconfig */ = {isa = PBXFileReference; includeInIndex = 1; lastKnownFileType = text.xcconfig; name = "Pods-MaskMapTests.debug.xcconfig"; path = "Target Support Files/Pods-MaskMapTests/Pods-MaskMapTests.debug.xcconfig"; sourceTree = "<group>"; };
		CE3396BB241868F20015965B /* MaskMap.app */ = {isa = PBXFileReference; explicitFileType = wrapper.application; includeInIndex = 0; path = MaskMap.app; sourceTree = BUILT_PRODUCTS_DIR; };
		CE3396BE241868F20015965B /* AppDelegate.swift */ = {isa = PBXFileReference; lastKnownFileType = sourcecode.swift; path = AppDelegate.swift; sourceTree = "<group>"; };
		CE3396C0241868F20015965B /* SceneDelegate.swift */ = {isa = PBXFileReference; lastKnownFileType = sourcecode.swift; path = SceneDelegate.swift; sourceTree = "<group>"; };
		CE3396C2241868F20015965B /* ViewController.swift */ = {isa = PBXFileReference; lastKnownFileType = sourcecode.swift; path = ViewController.swift; sourceTree = "<group>"; };
		CE3396C5241868F20015965B /* Base */ = {isa = PBXFileReference; lastKnownFileType = file.storyboard; name = Base; path = Base.lproj/Main.storyboard; sourceTree = "<group>"; };
		CE3396C7241868F40015965B /* Assets.xcassets */ = {isa = PBXFileReference; lastKnownFileType = folder.assetcatalog; path = Assets.xcassets; sourceTree = "<group>"; };
		CE3396CA241868F40015965B /* Base */ = {isa = PBXFileReference; lastKnownFileType = file.storyboard; name = Base; path = Base.lproj/LaunchScreen.storyboard; sourceTree = "<group>"; };
		CE3396CC241868F40015965B /* Info.plist */ = {isa = PBXFileReference; lastKnownFileType = text.plist.xml; path = Info.plist; sourceTree = "<group>"; };
		CE3396D1241868F40015965B /* MaskMapTests.xctest */ = {isa = PBXFileReference; explicitFileType = wrapper.cfbundle; includeInIndex = 0; path = MaskMapTests.xctest; sourceTree = BUILT_PRODUCTS_DIR; };
		CE3396D5241868F40015965B /* MaskMapTests.swift */ = {isa = PBXFileReference; lastKnownFileType = sourcecode.swift; path = MaskMapTests.swift; sourceTree = "<group>"; };
		CE3396D7241868F40015965B /* Info.plist */ = {isa = PBXFileReference; lastKnownFileType = text.plist.xml; path = Info.plist; sourceTree = "<group>"; };
		CE3396E12418699C0015965B /* MapInteractor.swift */ = {isa = PBXFileReference; lastKnownFileType = sourcecode.swift; path = MapInteractor.swift; sourceTree = "<group>"; };
		CE3396E3241869A40015965B /* MapPresenter.swift */ = {isa = PBXFileReference; lastKnownFileType = sourcecode.swift; path = MapPresenter.swift; sourceTree = "<group>"; };
		CE3396E824186BA00015965B /* Entity.swift */ = {isa = PBXFileReference; lastKnownFileType = sourcecode.swift; path = Entity.swift; sourceTree = "<group>"; };
		CE3396EA24186BAF0015965B /* MapEntity.swift */ = {isa = PBXFileReference; lastKnownFileType = sourcecode.swift; path = MapEntity.swift; sourceTree = "<group>"; };
		CE3396EC241871610015965B /* APIClient.swift */ = {isa = PBXFileReference; lastKnownFileType = sourcecode.swift; path = APIClient.swift; sourceTree = "<group>"; };
		CE3396EE241880130015965B /* SearchViewController.swift */ = {isa = PBXFileReference; lastKnownFileType = sourcecode.swift; path = SearchViewController.swift; sourceTree = "<group>"; };
		CE33EF3D241880AF006724BB /* StorePresenter.swift */ = {isa = PBXFileReference; lastKnownFileType = sourcecode.swift; path = StorePresenter.swift; sourceTree = "<group>"; };
		CE33EF3E241880AF006724BB /* StoreEntity.swift */ = {isa = PBXFileReference; lastKnownFileType = sourcecode.swift; path = StoreEntity.swift; sourceTree = "<group>"; };
		CE33EF3F241880B0006724BB /* SearchInteractor.swift */ = {isa = PBXFileReference; lastKnownFileType = sourcecode.swift; path = SearchInteractor.swift; sourceTree = "<group>"; };
		CE33EF4424188374006724BB /* SearchTableViewCell.swift */ = {isa = PBXFileReference; lastKnownFileType = sourcecode.swift; path = SearchTableViewCell.swift; sourceTree = "<group>"; };
		CE33EF48241883C2006724BB /* CellRegister.swift */ = {isa = PBXFileReference; lastKnownFileType = sourcecode.swift; path = CellRegister.swift; sourceTree = "<group>"; };
		CE33EF4A2418892B006724BB /* Handler.swift */ = {isa = PBXFileReference; lastKnownFileType = sourcecode.swift; path = Handler.swift; sourceTree = "<group>"; };
		CE33EF4C24188D11006724BB /* DelayScheduler.swift */ = {isa = PBXFileReference; lastKnownFileType = sourcecode.swift; path = DelayScheduler.swift; sourceTree = "<group>"; };
		CE33EF4F24188E7F006724BB /* DateFormatTransform.swift */ = {isa = PBXFileReference; lastKnownFileType = sourcecode.swift; path = DateFormatTransform.swift; sourceTree = "<group>"; };
		CE33EF512418912D006724BB /* UIImage+Extension.swift */ = {isa = PBXFileReference; lastKnownFileType = sourcecode.swift; path = "UIImage+Extension.swift"; sourceTree = "<group>"; };
		CE33EF5324189421006724BB /* SearchPanelLayout.swift */ = {isa = PBXFileReference; lastKnownFileType = sourcecode.swift; path = SearchPanelLayout.swift; sourceTree = "<group>"; };
		D8DE5861EA6E1595188E2B0C /* Pods_MaskMapTests.framework */ = {isa = PBXFileReference; explicitFileType = wrapper.framework; includeInIndex = 0; path = Pods_MaskMapTests.framework; sourceTree = BUILT_PRODUCTS_DIR; };
		E3DC682AE61ECC4E3071EDFD /* Pods-MaskMapTests.release.xcconfig */ = {isa = PBXFileReference; includeInIndex = 1; lastKnownFileType = text.xcconfig; name = "Pods-MaskMapTests.release.xcconfig"; path = "Target Support Files/Pods-MaskMapTests/Pods-MaskMapTests.release.xcconfig"; sourceTree = "<group>"; };
		F3C089368295C8E6A3E10183 /* Pods_MaskMap.framework */ = {isa = PBXFileReference; explicitFileType = wrapper.framework; includeInIndex = 0; path = Pods_MaskMap.framework; sourceTree = BUILT_PRODUCTS_DIR; };
		F5C4E480AFB49B54FED3DF79 /* Pods-MaskMap.release.xcconfig */ = {isa = PBXFileReference; includeInIndex = 1; lastKnownFileType = text.xcconfig; name = "Pods-MaskMap.release.xcconfig"; path = "Target Support Files/Pods-MaskMap/Pods-MaskMap.release.xcconfig"; sourceTree = "<group>"; };
/* End PBXFileReference section */

/* Begin PBXFrameworksBuildPhase section */
		CE3396B8241868F20015965B /* Frameworks */ = {
			isa = PBXFrameworksBuildPhase;
			buildActionMask = 2147483647;
			files = (
				36907688856072EE0C6E8887 /* Pods_MaskMap.framework in Frameworks */,
			);
			runOnlyForDeploymentPostprocessing = 0;
		};
		CE3396CE241868F40015965B /* Frameworks */ = {
			isa = PBXFrameworksBuildPhase;
			buildActionMask = 2147483647;
			files = (
				6E515F971B51591DECDD6074 /* Pods_MaskMapTests.framework in Frameworks */,
			);
			runOnlyForDeploymentPostprocessing = 0;
		};
/* End PBXFrameworksBuildPhase section */

/* Begin PBXGroup section */
		4D0604DE58F60C6E8D12581C /* Pods */ = {
			isa = PBXGroup;
			children = (
				1362DAE344F68658574C9669 /* Pods-MaskMap.debug.xcconfig */,
				F5C4E480AFB49B54FED3DF79 /* Pods-MaskMap.release.xcconfig */,
				4B52495CC0A76ACAF43CD276 /* Pods-MaskMapTests.debug.xcconfig */,
				E3DC682AE61ECC4E3071EDFD /* Pods-MaskMapTests.release.xcconfig */,
			);
			path = Pods;
			sourceTree = "<group>";
		};
		6A13C1D907F8C813D1E44931 /* Frameworks */ = {
			isa = PBXGroup;
			children = (
				F3C089368295C8E6A3E10183 /* Pods_MaskMap.framework */,
				D8DE5861EA6E1595188E2B0C /* Pods_MaskMapTests.framework */,
			);
			name = Frameworks;
			sourceTree = "<group>";
		};
		CE3396B2241868F20015965B = {
			isa = PBXGroup;
			children = (
				CE3396BD241868F20015965B /* MaskMap */,
				CE3396D4241868F40015965B /* MaskMapTests */,
				CE3396BC241868F20015965B /* Products */,
				4D0604DE58F60C6E8D12581C /* Pods */,
				6A13C1D907F8C813D1E44931 /* Frameworks */,
			);
			sourceTree = "<group>";
		};
		CE3396BC241868F20015965B /* Products */ = {
			isa = PBXGroup;
			children = (
				CE3396BB241868F20015965B /* MaskMap.app */,
				CE3396D1241868F40015965B /* MaskMapTests.xctest */,
			);
			name = Products;
			sourceTree = "<group>";
		};
		CE3396BD241868F20015965B /* MaskMap */ = {
			isa = PBXGroup;
			children = (
				CE33EF47241883B5006724BB /* Extension */,
				CE3396E724186B930015965B /* Common */,
				CE3396E0241869810015965B /* Map */,
				CE3396F0241880160015965B /* Search */,
				CE3396BE241868F20015965B /* AppDelegate.swift */,
				CE3396C0241868F20015965B /* SceneDelegate.swift */,
				CE3396C4241868F20015965B /* Main.storyboard */,
				CE3396C7241868F40015965B /* Assets.xcassets */,
				CE3396C9241868F40015965B /* LaunchScreen.storyboard */,
				CE3396CC241868F40015965B /* Info.plist */,
			);
			path = MaskMap;
			sourceTree = "<group>";
		};
		CE3396D4241868F40015965B /* MaskMapTests */ = {
			isa = PBXGroup;
			children = (
				CE3396D5241868F40015965B /* MaskMapTests.swift */,
				CE3396D7241868F40015965B /* Info.plist */,
			);
			path = MaskMapTests;
			sourceTree = "<group>";
		};
		CE3396E0241869810015965B /* Map */ = {
			isa = PBXGroup;
			children = (
				CE3396C2241868F20015965B /* ViewController.swift */,
				CE3396E12418699C0015965B /* MapInteractor.swift */,
				CE3396E3241869A40015965B /* MapPresenter.swift */,
				CE3396EA24186BAF0015965B /* MapEntity.swift */,
			);
			path = Map;
			sourceTree = "<group>";
		};
		CE3396E724186B930015965B /* Common */ = {
			isa = PBXGroup;
			children = (
				CE33EF4E24188E72006724BB /* Network */,
				CE3396E824186BA00015965B /* Entity.swift */,
				CE33EF4A2418892B006724BB /* Handler.swift */,
				CE33EF4C24188D11006724BB /* DelayScheduler.swift */,
			);
			path = Common;
			sourceTree = "<group>";
		};
		CE3396F0241880160015965B /* Search */ = {
			isa = PBXGroup;
			children = (
				CE33EF4324188366006724BB /* View */,
				CE3396EE241880130015965B /* SearchViewController.swift */,
				CE33EF3F241880B0006724BB /* SearchInteractor.swift */,
				CE33EF3D241880AF006724BB /* StorePresenter.swift */,
				CE33EF3E241880AF006724BB /* StoreEntity.swift */,
				CE33EF5324189421006724BB /* SearchPanelLayout.swift */,
			);
			path = Search;
			sourceTree = "<group>";
		};
		CE33EF4324188366006724BB /* View */ = {
			isa = PBXGroup;
			children = (
				CE33EF4424188374006724BB /* SearchTableViewCell.swift */,
			);
			path = View;
			sourceTree = "<group>";
		};
		CE33EF47241883B5006724BB /* Extension */ = {
			isa = PBXGroup;
			children = (
				CE33EF48241883C2006724BB /* CellRegister.swift */,
				CE33EF512418912D006724BB /* UIImage+Extension.swift */,
			);
			path = Extension;
			sourceTree = "<group>";
		};
		CE33EF4E24188E72006724BB /* Network */ = {
			isa = PBXGroup;
			children = (
				CE3396EC241871610015965B /* APIClient.swift */,
				CE33EF4F24188E7F006724BB /* DateFormatTransform.swift */,
			);
			path = Network;
			sourceTree = "<group>";
		};
/* End PBXGroup section */

/* Begin PBXNativeTarget section */
		CE3396BA241868F20015965B /* MaskMap */ = {
			isa = PBXNativeTarget;
			buildConfigurationList = CE3396DA241868F40015965B /* Build configuration list for PBXNativeTarget "MaskMap" */;
			buildPhases = (
				1A3A419C3125FE8F40E41966 /* [CP] Check Pods Manifest.lock */,
				CE3396B7241868F20015965B /* Sources */,
				CE3396B8241868F20015965B /* Frameworks */,
				CE3396B9241868F20015965B /* Resources */,
				251B17026E3BD08E3EEB8B96 /* [CP] Embed Pods Frameworks */,
			);
			buildRules = (
			);
			dependencies = (
			);
			name = MaskMap;
			productName = MaskMap;
			productReference = CE3396BB241868F20015965B /* MaskMap.app */;
			productType = "com.apple.product-type.application";
		};
		CE3396D0241868F40015965B /* MaskMapTests */ = {
			isa = PBXNativeTarget;
			buildConfigurationList = CE3396DD241868F40015965B /* Build configuration list for PBXNativeTarget "MaskMapTests" */;
			buildPhases = (
				4DD778F8EEF9DA8E52AEDEC3 /* [CP] Check Pods Manifest.lock */,
				CE3396CD241868F40015965B /* Sources */,
				CE3396CE241868F40015965B /* Frameworks */,
				CE3396CF241868F40015965B /* Resources */,
			);
			buildRules = (
			);
			dependencies = (
				CE3396D3241868F40015965B /* PBXTargetDependency */,
			);
			name = MaskMapTests;
			productName = MaskMapTests;
			productReference = CE3396D1241868F40015965B /* MaskMapTests.xctest */;
			productType = "com.apple.product-type.bundle.unit-test";
		};
/* End PBXNativeTarget section */

/* Begin PBXProject section */
		CE3396B3241868F20015965B /* Project object */ = {
			isa = PBXProject;
			attributes = {
				LastSwiftUpdateCheck = 1130;
				LastUpgradeCheck = 1130;
				ORGANIZATIONNAME = Cozzin;
				TargetAttributes = {
					CE3396BA241868F20015965B = {
						CreatedOnToolsVersion = 11.3.1;
					};
					CE3396D0241868F40015965B = {
						CreatedOnToolsVersion = 11.3.1;
						TestTargetID = CE3396BA241868F20015965B;
					};
				};
			};
			buildConfigurationList = CE3396B6241868F20015965B /* Build configuration list for PBXProject "MaskMap" */;
			compatibilityVersion = "Xcode 9.3";
			developmentRegion = en;
			hasScannedForEncodings = 0;
			knownRegions = (
				en,
				Base,
			);
			mainGroup = CE3396B2241868F20015965B;
			productRefGroup = CE3396BC241868F20015965B /* Products */;
			projectDirPath = "";
			projectRoot = "";
			targets = (
				CE3396BA241868F20015965B /* MaskMap */,
				CE3396D0241868F40015965B /* MaskMapTests */,
			);
		};
/* End PBXProject section */

/* Begin PBXResourcesBuildPhase section */
		CE3396B9241868F20015965B /* Resources */ = {
			isa = PBXResourcesBuildPhase;
			buildActionMask = 2147483647;
			files = (
				CE3396CB241868F40015965B /* LaunchScreen.storyboard in Resources */,
				CE3396C8241868F40015965B /* Assets.xcassets in Resources */,
				CE3396C6241868F20015965B /* Main.storyboard in Resources */,
			);
			runOnlyForDeploymentPostprocessing = 0;
		};
		CE3396CF241868F40015965B /* Resources */ = {
			isa = PBXResourcesBuildPhase;
			buildActionMask = 2147483647;
			files = (
			);
			runOnlyForDeploymentPostprocessing = 0;
		};
/* End PBXResourcesBuildPhase section */

/* Begin PBXShellScriptBuildPhase section */
		1A3A419C3125FE8F40E41966 /* [CP] Check Pods Manifest.lock */ = {
			isa = PBXShellScriptBuildPhase;
			buildActionMask = 2147483647;
			files = (
			);
			inputFileListPaths = (
			);
			inputPaths = (
				"${PODS_PODFILE_DIR_PATH}/Podfile.lock",
				"${PODS_ROOT}/Manifest.lock",
			);
			name = "[CP] Check Pods Manifest.lock";
			outputFileListPaths = (
			);
			outputPaths = (
				"$(DERIVED_FILE_DIR)/Pods-MaskMap-checkManifestLockResult.txt",
			);
			runOnlyForDeploymentPostprocessing = 0;
			shellPath = /bin/sh;
			shellScript = "diff \"${PODS_PODFILE_DIR_PATH}/Podfile.lock\" \"${PODS_ROOT}/Manifest.lock\" > /dev/null\nif [ $? != 0 ] ; then\n    # print error to STDERR\n    echo \"error: The sandbox is not in sync with the Podfile.lock. Run 'pod install' or update your CocoaPods installation.\" >&2\n    exit 1\nfi\n# This output is used by Xcode 'outputs' to avoid re-running this script phase.\necho \"SUCCESS\" > \"${SCRIPT_OUTPUT_FILE_0}\"\n";
			showEnvVarsInLog = 0;
		};
		251B17026E3BD08E3EEB8B96 /* [CP] Embed Pods Frameworks */ = {
			isa = PBXShellScriptBuildPhase;
			buildActionMask = 2147483647;
			files = (
			);
			inputFileListPaths = (
				"${PODS_ROOT}/Target Support Files/Pods-MaskMap/Pods-MaskMap-frameworks-${CONFIGURATION}-input-files.xcfilelist",
			);
			name = "[CP] Embed Pods Frameworks";
			outputFileListPaths = (
				"${PODS_ROOT}/Target Support Files/Pods-MaskMap/Pods-MaskMap-frameworks-${CONFIGURATION}-output-files.xcfilelist",
			);
			runOnlyForDeploymentPostprocessing = 0;
			shellPath = /bin/sh;
			shellScript = "\"${PODS_ROOT}/Target Support Files/Pods-MaskMap/Pods-MaskMap-frameworks.sh\"\n";
			showEnvVarsInLog = 0;
		};
		4DD778F8EEF9DA8E52AEDEC3 /* [CP] Check Pods Manifest.lock */ = {
			isa = PBXShellScriptBuildPhase;
			buildActionMask = 2147483647;
			files = (
			);
			inputFileListPaths = (
			);
			inputPaths = (
				"${PODS_PODFILE_DIR_PATH}/Podfile.lock",
				"${PODS_ROOT}/Manifest.lock",
			);
			name = "[CP] Check Pods Manifest.lock";
			outputFileListPaths = (
			);
			outputPaths = (
				"$(DERIVED_FILE_DIR)/Pods-MaskMapTests-checkManifestLockResult.txt",
			);
			runOnlyForDeploymentPostprocessing = 0;
			shellPath = /bin/sh;
			shellScript = "diff \"${PODS_PODFILE_DIR_PATH}/Podfile.lock\" \"${PODS_ROOT}/Manifest.lock\" > /dev/null\nif [ $? != 0 ] ; then\n    # print error to STDERR\n    echo \"error: The sandbox is not in sync with the Podfile.lock. Run 'pod install' or update your CocoaPods installation.\" >&2\n    exit 1\nfi\n# This output is used by Xcode 'outputs' to avoid re-running this script phase.\necho \"SUCCESS\" > \"${SCRIPT_OUTPUT_FILE_0}\"\n";
			showEnvVarsInLog = 0;
		};
/* End PBXShellScriptBuildPhase section */

/* Begin PBXSourcesBuildPhase section */
		CE3396B7241868F20015965B /* Sources */ = {
			isa = PBXSourcesBuildPhase;
			buildActionMask = 2147483647;
			files = (
				CE3396C3241868F20015965B /* ViewController.swift in Sources */,
				CE33EF5424189421006724BB /* SearchPanelLayout.swift in Sources */,
				CE33EF522418912D006724BB /* UIImage+Extension.swift in Sources */,
				CE3396BF241868F20015965B /* AppDelegate.swift in Sources */,
				CE3396E924186BA00015965B /* Entity.swift in Sources */,
				CE33EF4B2418892B006724BB /* Handler.swift in Sources */,
				CE3396EF241880130015965B /* SearchViewController.swift in Sources */,
				CE3396ED241871610015965B /* APIClient.swift in Sources */,
				CE3396E4241869A40015965B /* MapPresenter.swift in Sources */,
				CE3396EB24186BAF0015965B /* MapEntity.swift in Sources */,
				CE3396C1241868F20015965B /* SceneDelegate.swift in Sources */,
				CE33EF4524188374006724BB /* SearchTableViewCell.swift in Sources */,
				CE33EF49241883C2006724BB /* CellRegister.swift in Sources */,
				CE33EF42241880B0006724BB /* StorePresenter.swift in Sources */,
				CE33EF40241880B0006724BB /* SearchInteractor.swift in Sources */,
				CE33EF5024188E7F006724BB /* DateFormatTransform.swift in Sources */,
				CE33EF4D24188D11006724BB /* DelayScheduler.swift in Sources */,
				CE3396E22418699C0015965B /* MapInteractor.swift in Sources */,
				CE33EF41241880B0006724BB /* StoreEntity.swift in Sources */,
			);
			runOnlyForDeploymentPostprocessing = 0;
		};
		CE3396CD241868F40015965B /* Sources */ = {
			isa = PBXSourcesBuildPhase;
			buildActionMask = 2147483647;
			files = (
				CE3396D6241868F40015965B /* MaskMapTests.swift in Sources */,
			);
			runOnlyForDeploymentPostprocessing = 0;
		};
/* End PBXSourcesBuildPhase section */

/* Begin PBXTargetDependency section */
		CE3396D3241868F40015965B /* PBXTargetDependency */ = {
			isa = PBXTargetDependency;
			target = CE3396BA241868F20015965B /* MaskMap */;
			targetProxy = CE3396D2241868F40015965B /* PBXContainerItemProxy */;
		};
/* End PBXTargetDependency section */

/* Begin PBXVariantGroup section */
		CE3396C4241868F20015965B /* Main.storyboard */ = {
			isa = PBXVariantGroup;
			children = (
				CE3396C5241868F20015965B /* Base */,
			);
			name = Main.storyboard;
			sourceTree = "<group>";
		};
		CE3396C9241868F40015965B /* LaunchScreen.storyboard */ = {
			isa = PBXVariantGroup;
			children = (
				CE3396CA241868F40015965B /* Base */,
			);
			name = LaunchScreen.storyboard;
			sourceTree = "<group>";
		};
/* End PBXVariantGroup section */

/* Begin XCBuildConfiguration section */
		CE3396D8241868F40015965B /* Debug */ = {
			isa = XCBuildConfiguration;
			buildSettings = {
				ALWAYS_SEARCH_USER_PATHS = NO;
				CLANG_ANALYZER_NONNULL = YES;
				CLANG_ANALYZER_NUMBER_OBJECT_CONVERSION = YES_AGGRESSIVE;
				CLANG_CXX_LANGUAGE_STANDARD = "gnu++14";
				CLANG_CXX_LIBRARY = "libc++";
				CLANG_ENABLE_MODULES = YES;
				CLANG_ENABLE_OBJC_ARC = YES;
				CLANG_ENABLE_OBJC_WEAK = YES;
				CLANG_WARN_BLOCK_CAPTURE_AUTORELEASING = YES;
				CLANG_WARN_BOOL_CONVERSION = YES;
				CLANG_WARN_COMMA = YES;
				CLANG_WARN_CONSTANT_CONVERSION = YES;
				CLANG_WARN_DEPRECATED_OBJC_IMPLEMENTATIONS = YES;
				CLANG_WARN_DIRECT_OBJC_ISA_USAGE = YES_ERROR;
				CLANG_WARN_DOCUMENTATION_COMMENTS = YES;
				CLANG_WARN_EMPTY_BODY = YES;
				CLANG_WARN_ENUM_CONVERSION = YES;
				CLANG_WARN_INFINITE_RECURSION = YES;
				CLANG_WARN_INT_CONVERSION = YES;
				CLANG_WARN_NON_LITERAL_NULL_CONVERSION = YES;
				CLANG_WARN_OBJC_IMPLICIT_RETAIN_SELF = YES;
				CLANG_WARN_OBJC_LITERAL_CONVERSION = YES;
				CLANG_WARN_OBJC_ROOT_CLASS = YES_ERROR;
				CLANG_WARN_RANGE_LOOP_ANALYSIS = YES;
				CLANG_WARN_STRICT_PROTOTYPES = YES;
				CLANG_WARN_SUSPICIOUS_MOVE = YES;
				CLANG_WARN_UNGUARDED_AVAILABILITY = YES_AGGRESSIVE;
				CLANG_WARN_UNREACHABLE_CODE = YES;
				CLANG_WARN__DUPLICATE_METHOD_MATCH = YES;
				COPY_PHASE_STRIP = NO;
				DEBUG_INFORMATION_FORMAT = dwarf;
				ENABLE_STRICT_OBJC_MSGSEND = YES;
				ENABLE_TESTABILITY = YES;
				GCC_C_LANGUAGE_STANDARD = gnu11;
				GCC_DYNAMIC_NO_PIC = NO;
				GCC_NO_COMMON_BLOCKS = YES;
				GCC_OPTIMIZATION_LEVEL = 0;
				GCC_PREPROCESSOR_DEFINITIONS = (
					"DEBUG=1",
					"$(inherited)",
				);
				GCC_WARN_64_TO_32_BIT_CONVERSION = YES;
				GCC_WARN_ABOUT_RETURN_TYPE = YES_ERROR;
				GCC_WARN_UNDECLARED_SELECTOR = YES;
				GCC_WARN_UNINITIALIZED_AUTOS = YES_AGGRESSIVE;
				GCC_WARN_UNUSED_FUNCTION = YES;
				GCC_WARN_UNUSED_VARIABLE = YES;
				IPHONEOS_DEPLOYMENT_TARGET = 13.2;
				MTL_ENABLE_DEBUG_INFO = INCLUDE_SOURCE;
				MTL_FAST_MATH = YES;
				ONLY_ACTIVE_ARCH = YES;
				SDKROOT = iphoneos;
				SWIFT_ACTIVE_COMPILATION_CONDITIONS = DEBUG;
				SWIFT_OPTIMIZATION_LEVEL = "-Onone";
			};
			name = Debug;
		};
		CE3396D9241868F40015965B /* Release */ = {
			isa = XCBuildConfiguration;
			buildSettings = {
				ALWAYS_SEARCH_USER_PATHS = NO;
				CLANG_ANALYZER_NONNULL = YES;
				CLANG_ANALYZER_NUMBER_OBJECT_CONVERSION = YES_AGGRESSIVE;
				CLANG_CXX_LANGUAGE_STANDARD = "gnu++14";
				CLANG_CXX_LIBRARY = "libc++";
				CLANG_ENABLE_MODULES = YES;
				CLANG_ENABLE_OBJC_ARC = YES;
				CLANG_ENABLE_OBJC_WEAK = YES;
				CLANG_WARN_BLOCK_CAPTURE_AUTORELEASING = YES;
				CLANG_WARN_BOOL_CONVERSION = YES;
				CLANG_WARN_COMMA = YES;
				CLANG_WARN_CONSTANT_CONVERSION = YES;
				CLANG_WARN_DEPRECATED_OBJC_IMPLEMENTATIONS = YES;
				CLANG_WARN_DIRECT_OBJC_ISA_USAGE = YES_ERROR;
				CLANG_WARN_DOCUMENTATION_COMMENTS = YES;
				CLANG_WARN_EMPTY_BODY = YES;
				CLANG_WARN_ENUM_CONVERSION = YES;
				CLANG_WARN_INFINITE_RECURSION = YES;
				CLANG_WARN_INT_CONVERSION = YES;
				CLANG_WARN_NON_LITERAL_NULL_CONVERSION = YES;
				CLANG_WARN_OBJC_IMPLICIT_RETAIN_SELF = YES;
				CLANG_WARN_OBJC_LITERAL_CONVERSION = YES;
				CLANG_WARN_OBJC_ROOT_CLASS = YES_ERROR;
				CLANG_WARN_RANGE_LOOP_ANALYSIS = YES;
				CLANG_WARN_STRICT_PROTOTYPES = YES;
				CLANG_WARN_SUSPICIOUS_MOVE = YES;
				CLANG_WARN_UNGUARDED_AVAILABILITY = YES_AGGRESSIVE;
				CLANG_WARN_UNREACHABLE_CODE = YES;
				CLANG_WARN__DUPLICATE_METHOD_MATCH = YES;
				COPY_PHASE_STRIP = NO;
				DEBUG_INFORMATION_FORMAT = "dwarf-with-dsym";
				ENABLE_NS_ASSERTIONS = NO;
				ENABLE_STRICT_OBJC_MSGSEND = YES;
				GCC_C_LANGUAGE_STANDARD = gnu11;
				GCC_NO_COMMON_BLOCKS = YES;
				GCC_WARN_64_TO_32_BIT_CONVERSION = YES;
				GCC_WARN_ABOUT_RETURN_TYPE = YES_ERROR;
				GCC_WARN_UNDECLARED_SELECTOR = YES;
				GCC_WARN_UNINITIALIZED_AUTOS = YES_AGGRESSIVE;
				GCC_WARN_UNUSED_FUNCTION = YES;
				GCC_WARN_UNUSED_VARIABLE = YES;
				IPHONEOS_DEPLOYMENT_TARGET = 13.2;
				MTL_ENABLE_DEBUG_INFO = NO;
				MTL_FAST_MATH = YES;
				SDKROOT = iphoneos;
				SWIFT_COMPILATION_MODE = wholemodule;
				SWIFT_OPTIMIZATION_LEVEL = "-O";
				VALIDATE_PRODUCT = YES;
			};
			name = Release;
		};
		CE3396DB241868F40015965B /* Debug */ = {
			isa = XCBuildConfiguration;
			baseConfigurationReference = 1362DAE344F68658574C9669 /* Pods-MaskMap.debug.xcconfig */;
			buildSettings = {
				ASSETCATALOG_COMPILER_APPICON_NAME = AppIcon;
				CODE_SIGN_STYLE = Automatic;
				DEVELOPMENT_TEAM = T5T6697UB7;
				INFOPLIST_FILE = MaskMap/Info.plist;
				IPHONEOS_DEPLOYMENT_TARGET = 13.0;
				LD_RUNPATH_SEARCH_PATHS = (
					"$(inherited)",
					"@executable_path/Frameworks",
				);
				PRODUCT_BUNDLE_IDENTIFIER = com.cozzin.MaskMap;
				PRODUCT_NAME = "$(TARGET_NAME)";
				SWIFT_VERSION = 5.0;
				TARGETED_DEVICE_FAMILY = "1,2";
			};
			name = Debug;
		};
		CE3396DC241868F40015965B /* Release */ = {
			isa = XCBuildConfiguration;
			baseConfigurationReference = F5C4E480AFB49B54FED3DF79 /* Pods-MaskMap.release.xcconfig */;
			buildSettings = {
				ASSETCATALOG_COMPILER_APPICON_NAME = AppIcon;
				CODE_SIGN_STYLE = Automatic;
				DEVELOPMENT_TEAM = T5T6697UB7;
				INFOPLIST_FILE = MaskMap/Info.plist;
				IPHONEOS_DEPLOYMENT_TARGET = 13.0;
				LD_RUNPATH_SEARCH_PATHS = (
					"$(inherited)",
					"@executable_path/Frameworks",
				);
				PRODUCT_BUNDLE_IDENTIFIER = com.cozzin.MaskMap;
				PRODUCT_NAME = "$(TARGET_NAME)";
				SWIFT_VERSION = 5.0;
				TARGETED_DEVICE_FAMILY = "1,2";
			};
			name = Release;
		};
		CE3396DE241868F40015965B /* Debug */ = {
			isa = XCBuildConfiguration;
			baseConfigurationReference = 4B52495CC0A76ACAF43CD276 /* Pods-MaskMapTests.debug.xcconfig */;
			buildSettings = {
				ALWAYS_EMBED_SWIFT_STANDARD_LIBRARIES = YES;
				BUNDLE_LOADER = "$(TEST_HOST)";
				CODE_SIGN_STYLE = Automatic;
				DEVELOPMENT_TEAM = T5T6697UB7;
				INFOPLIST_FILE = MaskMapTests/Info.plist;
				IPHONEOS_DEPLOYMENT_TARGET = 13.2;
				LD_RUNPATH_SEARCH_PATHS = (
					"$(inherited)",
					"@executable_path/Frameworks",
					"@loader_path/Frameworks",
				);
				PRODUCT_BUNDLE_IDENTIFIER = com.cozzin.MaskMapTests;
				PRODUCT_NAME = "$(TARGET_NAME)";
				SWIFT_VERSION = 5.0;
				TARGETED_DEVICE_FAMILY = "1,2";
				TEST_HOST = "$(BUILT_PRODUCTS_DIR)/MaskMap.app/MaskMap";
			};
			name = Debug;
		};
		CE3396DF241868F40015965B /* Release */ = {
			isa = XCBuildConfiguration;
			baseConfigurationReference = E3DC682AE61ECC4E3071EDFD /* Pods-MaskMapTests.release.xcconfig */;
			buildSettings = {
				ALWAYS_EMBED_SWIFT_STANDARD_LIBRARIES = YES;
				BUNDLE_LOADER = "$(TEST_HOST)";
				CODE_SIGN_STYLE = Automatic;
				DEVELOPMENT_TEAM = T5T6697UB7;
				INFOPLIST_FILE = MaskMapTests/Info.plist;
				IPHONEOS_DEPLOYMENT_TARGET = 13.2;
				LD_RUNPATH_SEARCH_PATHS = (
					"$(inherited)",
					"@executable_path/Frameworks",
					"@loader_path/Frameworks",
				);
				PRODUCT_BUNDLE_IDENTIFIER = com.cozzin.MaskMapTests;
				PRODUCT_NAME = "$(TARGET_NAME)";
				SWIFT_VERSION = 5.0;
				TARGETED_DEVICE_FAMILY = "1,2";
				TEST_HOST = "$(BUILT_PRODUCTS_DIR)/MaskMap.app/MaskMap";
			};
			name = Release;
		};
/* End XCBuildConfiguration section */

/* Begin XCConfigurationList section */
		CE3396B6241868F20015965B /* Build configuration list for PBXProject "MaskMap" */ = {
			isa = XCConfigurationList;
			buildConfigurations = (
				CE3396D8241868F40015965B /* Debug */,
				CE3396D9241868F40015965B /* Release */,
			);
			defaultConfigurationIsVisible = 0;
			defaultConfigurationName = Release;
		};
		CE3396DA241868F40015965B /* Build configuration list for PBXNativeTarget "MaskMap" */ = {
			isa = XCConfigurationList;
			buildConfigurations = (
				CE3396DB241868F40015965B /* Debug */,
				CE3396DC241868F40015965B /* Release */,
			);
			defaultConfigurationIsVisible = 0;
			defaultConfigurationName = Release;
		};
		CE3396DD241868F40015965B /* Build configuration list for PBXNativeTarget "MaskMapTests" */ = {
			isa = XCConfigurationList;
			buildConfigurations = (
				CE3396DE241868F40015965B /* Debug */,
				CE3396DF241868F40015965B /* Release */,
			);
			defaultConfigurationIsVisible = 0;
			defaultConfigurationName = Release;
		};
/* End XCConfigurationList section */
	};
	rootObject = CE3396B3241868F20015965B /* Project object */;
}
